
Microsoft Visual Studio Solution File, Format Version 12.00
# Visual Studio 15
Project("{FAE04EC0-301F-11D3-BF4B-00C04F79EFBC}") = "CinemaSearch", "CinemaSearch.csproj", "{B241265D-F7CC-43C7-BF3C-F3A81A6CF33C}"
EndProject
Global
	GlobalSection(SolutionConfigurationPlatforms) = preSolution
		Debug|Any CPU = Debug|Any CPU
		Release|Any CPU = Release|Any CPU
	EndGlobalSection
	GlobalSection(ProjectConfigurationPlatforms) = postSolution
		{B241265D-F7CC-43C7-BF3C-F3A81A6CF33C}.Debug|Any CPU.ActiveCfg = Debug|Any CPU
		{B241265D-F7CC-43C7-BF3C-F3A81A6CF33C}.Debug|Any CPU.Build.0 = Debug|Any CPU
		{B241265D-F7CC-43C7-BF3C-F3A81A6CF33C}.Release|Any CPU.ActiveCfg = Release|Any CPU
		{B241265D-F7CC-43C7-BF3C-F3A81A6CF33C}.Release|Any CPU.Build.0 = Release|Any CPU
	EndGlobalSection
EndGlobal
